
Microsoft Visual Studio Solution File, Format Version 12.00
# Visual Studio Version 17
VisualStudioVersion = 17.3.32819.101
MinimumVisualStudioVersion = 10.0.40219.1
Project("{9A19103F-16F7-4668-BE54-9A1E7A4F7556}") = "SimpleApp", "SimpleApp\SimpleApp.csproj", "{BCC64DDB-DED6-44FC-A46B-4CF654F8FC96}"
EndProject
Project("{FAE04EC0-301F-11D3-BF4B-00C04F79EFBC}") = "TwoLinesApp", "TwoLinesApp\TwoLinesApp.csproj", "{B60C8CDD-61C2-4773-B85D-D61498A62907}"
EndProject
Global
	GlobalSection(SolutionConfigurationPlatforms) = preSolution
		Debug|Any CPU = Debug|Any CPU
		Release|Any CPU = Release|Any CPU
	EndGlobalSection
	GlobalSection(ProjectConfigurationPlatforms) = postSolution
		{BCC64DDB-DED6-44FC-A46B-4CF654F8FC96}.Debug|Any CPU.ActiveCfg = Debug|Any CPU
		{BCC64DDB-DED6-44FC-A46B-4CF654F8FC96}.Debug|Any CPU.Build.0 = Debug|Any CPU
		{BCC64DDB-DED6-44FC-A46B-4CF654F8FC96}.Release|Any CPU.ActiveCfg = Release|Any CPU
		{BCC64DDB-DED6-44FC-A46B-4CF654F8FC96}.Release|Any CPU.Build.0 = Release|Any CPU
		{B60C8CDD-61C2-4773-B85D-D61498A62907}.Debug|Any CPU.ActiveCfg = Debug|Any CPU
		{B60C8CDD-61C2-4773-B85D-D61498A62907}.Debug|Any CPU.Build.0 = Debug|Any CPU
		{B60C8CDD-61C2-4773-B85D-D61498A62907}.Release|Any CPU.ActiveCfg = Release|Any CPU
		{B60C8CDD-61C2-4773-B85D-D61498A62907}.Release|Any CPU.Build.0 = Release|Any CPU
	EndGlobalSection
	GlobalSection(SolutionProperties) = preSolution
		HideSolutionNode = FALSE
	EndGlobalSection
	GlobalSection(ExtensibilityGlobals) = postSolution
		SolutionGuid = {62551D35-A2AF-40A3-9F4B-1F5588F412F4}
	EndGlobalSection
EndGlobal
