
Microsoft Visual Studio Solution File, Format Version 12.00
# Visual Studio Version 17
VisualStudioVersion = 17.3.32819.101
MinimumVisualStudioVersion = 10.0.40219.1
Project("{9A19103F-16F7-4668-BE54-9A1E7A4F7556}") = "SimpleApp", "SimpleApp\SimpleApp.csproj", "{BCC64DDB-DED6-44FC-A46B-4CF654F8FC96}"
EndProject
Project("{9A19103F-16F7-4668-BE54-9A1E7A4F7556}") = "TwoLinesApp", "TwoLinesApp\TwoLinesApp.csproj", "{B60C8CDD-61C2-4773-B85D-D61498A62907}"
EndProject
Project("{9A19103F-16F7-4668-BE54-9A1E7A4F7556}") = "SSPE_Question01", "SSPE_Question01\SSPE_Question01.csproj", "{0ECBD24F-18CC-4878-B23C-452CBF607C6E}"
EndProject
Project("{9A19103F-16F7-4668-BE54-9A1E7A4F7556}") = "SSPE_Question02", "SSPE_Question02\SSPE_Question02.csproj", "{0B4CE3D7-EC93-492E-8644-16EB2C920DF4}"
EndProject
Project("{9A19103F-16F7-4668-BE54-9A1E7A4F7556}") = "SSPE_Question03", "SSPE_Question03\SSPE_Question03.csproj", "{1900E5C3-A34A-4D2B-92F9-9C3EB0C0B3B0}"
EndProject
Project("{9A19103F-16F7-4668-BE54-9A1E7A4F7556}") = "SSPE_Question04", "SSPE_Question04\SSPE_Question04.csproj", "{A2017FBD-2594-4620-A7BE-89F12472EE26}"
EndProject
Project("{9A19103F-16F7-4668-BE54-9A1E7A4F7556}") = "SSPE_Qustion05", "SSPE_Qustion05\SSPE_Qustion05.csproj", "{15839AC6-412E-4158-B227-14A429103FB2}"
EndProject
Project("{9A19103F-16F7-4668-BE54-9A1E7A4F7556}") = "ProudParent", "ProudParent\ProudParent.csproj", "{FA823EE3-6537-4B20-A315-1B490640EB2E}"
EndProject
Project("{9A19103F-16F7-4668-BE54-9A1E7A4F7556}") = "AdditionQuiz", "AdditionQuiz\AdditionQuiz.csproj", "{AB539C39-3DC2-419F-8254-DD4D238EDC53}"
EndProject
Project("{9A19103F-16F7-4668-BE54-9A1E7A4F7556}") = "SubtractionQuiz", "SubtractionQuiz\SubtractionQuiz.csproj", "{BC4BC5E9-11B0-4E99-B15B-2B8406C5B32A}"
EndProject
Project("{9A19103F-16F7-4668-BE54-9A1E7A4F7556}") = "ComputeAndInterpretBMI", "ComputeAndInterpretBMI\ComputeAndInterpretBMI.csproj", "{7FBA72AE-43D2-497D-8735-5F51997FB9C4}"
EndProject
Project("{9A19103F-16F7-4668-BE54-9A1E7A4F7556}") = "DSPE_Question01", "DSPE_Question01\DSPE_Question01.csproj", "{ABDE3D3A-FB54-4162-92CD-E8BD64652D7E}"
EndProject
Project("{9A19103F-16F7-4668-BE54-9A1E7A4F7556}") = "DSPE_Qusestion02", "DSPE_Qusestion02\DSPE_Qusestion02.csproj", "{0099484A-D58D-4E7C-B193-6B859FEAC29B}"
EndProject
Project("{9A19103F-16F7-4668-BE54-9A1E7A4F7556}") = "DMP_Question01", "DMP_Question01\DMP_Question01.csproj", "{CC45D95B-55FD-4581-A8BA-778E82E8A2E4}"
EndProject
Project("{9A19103F-16F7-4668-BE54-9A1E7A4F7556}") = "DMP_Question02", "DMP_Question02\DMP_Question02.csproj", "{E2866D95-22D9-42E5-B99A-0ED60A6324B0}"
EndProject
Project("{FAE04EC0-301F-11D3-BF4B-00C04F79EFBC}") = "CharInputDemo", "CharInputDemo\CharInputDemo.csproj", "{E1C3E139-4530-4A83-B0F1-5E5807EC282D}"
EndProject
Project("{FAE04EC0-301F-11D3-BF4B-00C04F79EFBC}") = "FormatOutputInColumns", "FormatOutputInColumns\FormatOutputInColumns.csproj", "{5E5054C0-2E21-41BE-B778-59EF89C16C0D}"
EndProject
Project("{FAE04EC0-301F-11D3-BF4B-00C04F79EFBC}") = "DMP_Question03", "DMP_Question03\DMP_Question03.csproj", "{D17E24FE-BBB9-4963-A934-7DC66754206C}"
EndProject
Project("{FAE04EC0-301F-11D3-BF4B-00C04F79EFBC}") = "DMP_Question04", "DMP_Question04\DMP_Question04.csproj", "{4B7FCCEB-5FAD-44E6-BA3F-7C5C9C194ED4}"
EndProject
Project("{FAE04EC0-301F-11D3-BF4B-00C04F79EFBC}") = "DMP2_SwitchQuestion01", "DMP2_SwitchQuestion01\DMP2_SwitchQuestion01.csproj", "{EEA89F9E-7CA3-4B0C-ACBF-CDA40D4D2656}"
EndProject
Global
	GlobalSection(SolutionConfigurationPlatforms) = preSolution
		Debug|Any CPU = Debug|Any CPU
		Release|Any CPU = Release|Any CPU
	EndGlobalSection
	GlobalSection(ProjectConfigurationPlatforms) = postSolution
		{BCC64DDB-DED6-44FC-A46B-4CF654F8FC96}.Debug|Any CPU.ActiveCfg = Debug|Any CPU
		{BCC64DDB-DED6-44FC-A46B-4CF654F8FC96}.Debug|Any CPU.Build.0 = Debug|Any CPU
		{BCC64DDB-DED6-44FC-A46B-4CF654F8FC96}.Release|Any CPU.ActiveCfg = Release|Any CPU
		{BCC64DDB-DED6-44FC-A46B-4CF654F8FC96}.Release|Any CPU.Build.0 = Release|Any CPU
		{B60C8CDD-61C2-4773-B85D-D61498A62907}.Debug|Any CPU.ActiveCfg = Debug|Any CPU
		{B60C8CDD-61C2-4773-B85D-D61498A62907}.Debug|Any CPU.Build.0 = Debug|Any CPU
		{B60C8CDD-61C2-4773-B85D-D61498A62907}.Release|Any CPU.ActiveCfg = Release|Any CPU
		{B60C8CDD-61C2-4773-B85D-D61498A62907}.Release|Any CPU.Build.0 = Release|Any CPU
		{0ECBD24F-18CC-4878-B23C-452CBF607C6E}.Debug|Any CPU.ActiveCfg = Debug|Any CPU
		{0ECBD24F-18CC-4878-B23C-452CBF607C6E}.Debug|Any CPU.Build.0 = Debug|Any CPU
		{0ECBD24F-18CC-4878-B23C-452CBF607C6E}.Release|Any CPU.ActiveCfg = Release|Any CPU
		{0ECBD24F-18CC-4878-B23C-452CBF607C6E}.Release|Any CPU.Build.0 = Release|Any CPU
		{0B4CE3D7-EC93-492E-8644-16EB2C920DF4}.Debug|Any CPU.ActiveCfg = Debug|Any CPU
		{0B4CE3D7-EC93-492E-8644-16EB2C920DF4}.Debug|Any CPU.Build.0 = Debug|Any CPU
		{0B4CE3D7-EC93-492E-8644-16EB2C920DF4}.Release|Any CPU.ActiveCfg = Release|Any CPU
		{0B4CE3D7-EC93-492E-8644-16EB2C920DF4}.Release|Any CPU.Build.0 = Release|Any CPU
		{1900E5C3-A34A-4D2B-92F9-9C3EB0C0B3B0}.Debug|Any CPU.ActiveCfg = Debug|Any CPU
		{1900E5C3-A34A-4D2B-92F9-9C3EB0C0B3B0}.Debug|Any CPU.Build.0 = Debug|Any CPU
		{1900E5C3-A34A-4D2B-92F9-9C3EB0C0B3B0}.Release|Any CPU.ActiveCfg = Release|Any CPU
		{1900E5C3-A34A-4D2B-92F9-9C3EB0C0B3B0}.Release|Any CPU.Build.0 = Release|Any CPU
		{A2017FBD-2594-4620-A7BE-89F12472EE26}.Debug|Any CPU.ActiveCfg = Debug|Any CPU
		{A2017FBD-2594-4620-A7BE-89F12472EE26}.Debug|Any CPU.Build.0 = Debug|Any CPU
		{A2017FBD-2594-4620-A7BE-89F12472EE26}.Release|Any CPU.ActiveCfg = Release|Any CPU
		{A2017FBD-2594-4620-A7BE-89F12472EE26}.Release|Any CPU.Build.0 = Release|Any CPU
		{15839AC6-412E-4158-B227-14A429103FB2}.Debug|Any CPU.ActiveCfg = Debug|Any CPU
		{15839AC6-412E-4158-B227-14A429103FB2}.Debug|Any CPU.Build.0 = Debug|Any CPU
		{15839AC6-412E-4158-B227-14A429103FB2}.Release|Any CPU.ActiveCfg = Release|Any CPU
		{15839AC6-412E-4158-B227-14A429103FB2}.Release|Any CPU.Build.0 = Release|Any CPU
		{FA823EE3-6537-4B20-A315-1B490640EB2E}.Debug|Any CPU.ActiveCfg = Debug|Any CPU
		{FA823EE3-6537-4B20-A315-1B490640EB2E}.Debug|Any CPU.Build.0 = Debug|Any CPU
		{FA823EE3-6537-4B20-A315-1B490640EB2E}.Release|Any CPU.ActiveCfg = Release|Any CPU
		{FA823EE3-6537-4B20-A315-1B490640EB2E}.Release|Any CPU.Build.0 = Release|Any CPU
		{AB539C39-3DC2-419F-8254-DD4D238EDC53}.Debug|Any CPU.ActiveCfg = Debug|Any CPU
		{AB539C39-3DC2-419F-8254-DD4D238EDC53}.Debug|Any CPU.Build.0 = Debug|Any CPU
		{AB539C39-3DC2-419F-8254-DD4D238EDC53}.Release|Any CPU.ActiveCfg = Release|Any CPU
		{AB539C39-3DC2-419F-8254-DD4D238EDC53}.Release|Any CPU.Build.0 = Release|Any CPU
		{BC4BC5E9-11B0-4E99-B15B-2B8406C5B32A}.Debug|Any CPU.ActiveCfg = Debug|Any CPU
		{BC4BC5E9-11B0-4E99-B15B-2B8406C5B32A}.Debug|Any CPU.Build.0 = Debug|Any CPU
		{BC4BC5E9-11B0-4E99-B15B-2B8406C5B32A}.Release|Any CPU.ActiveCfg = Release|Any CPU
		{BC4BC5E9-11B0-4E99-B15B-2B8406C5B32A}.Release|Any CPU.Build.0 = Release|Any CPU
		{7FBA72AE-43D2-497D-8735-5F51997FB9C4}.Debug|Any CPU.ActiveCfg = Debug|Any CPU
		{7FBA72AE-43D2-497D-8735-5F51997FB9C4}.Debug|Any CPU.Build.0 = Debug|Any CPU
		{7FBA72AE-43D2-497D-8735-5F51997FB9C4}.Release|Any CPU.ActiveCfg = Release|Any CPU
		{7FBA72AE-43D2-497D-8735-5F51997FB9C4}.Release|Any CPU.Build.0 = Release|Any CPU
		{ABDE3D3A-FB54-4162-92CD-E8BD64652D7E}.Debug|Any CPU.ActiveCfg = Debug|Any CPU
		{ABDE3D3A-FB54-4162-92CD-E8BD64652D7E}.Debug|Any CPU.Build.0 = Debug|Any CPU
		{ABDE3D3A-FB54-4162-92CD-E8BD64652D7E}.Release|Any CPU.ActiveCfg = Release|Any CPU
		{ABDE3D3A-FB54-4162-92CD-E8BD64652D7E}.Release|Any CPU.Build.0 = Release|Any CPU
		{0099484A-D58D-4E7C-B193-6B859FEAC29B}.Debug|Any CPU.ActiveCfg = Debug|Any CPU
		{0099484A-D58D-4E7C-B193-6B859FEAC29B}.Debug|Any CPU.Build.0 = Debug|Any CPU
		{0099484A-D58D-4E7C-B193-6B859FEAC29B}.Release|Any CPU.ActiveCfg = Release|Any CPU
		{0099484A-D58D-4E7C-B193-6B859FEAC29B}.Release|Any CPU.Build.0 = Release|Any CPU
		{CC45D95B-55FD-4581-A8BA-778E82E8A2E4}.Debug|Any CPU.ActiveCfg = Debug|Any CPU
		{CC45D95B-55FD-4581-A8BA-778E82E8A2E4}.Debug|Any CPU.Build.0 = Debug|Any CPU
		{CC45D95B-55FD-4581-A8BA-778E82E8A2E4}.Release|Any CPU.ActiveCfg = Release|Any CPU
		{CC45D95B-55FD-4581-A8BA-778E82E8A2E4}.Release|Any CPU.Build.0 = Release|Any CPU
		{E2866D95-22D9-42E5-B99A-0ED60A6324B0}.Debug|Any CPU.ActiveCfg = Debug|Any CPU
		{E2866D95-22D9-42E5-B99A-0ED60A6324B0}.Debug|Any CPU.Build.0 = Debug|Any CPU
		{E2866D95-22D9-42E5-B99A-0ED60A6324B0}.Release|Any CPU.ActiveCfg = Release|Any CPU
		{E2866D95-22D9-42E5-B99A-0ED60A6324B0}.Release|Any CPU.Build.0 = Release|Any CPU
		{E1C3E139-4530-4A83-B0F1-5E5807EC282D}.Debug|Any CPU.ActiveCfg = Debug|Any CPU
		{E1C3E139-4530-4A83-B0F1-5E5807EC282D}.Debug|Any CPU.Build.0 = Debug|Any CPU
		{E1C3E139-4530-4A83-B0F1-5E5807EC282D}.Release|Any CPU.ActiveCfg = Release|Any CPU
		{E1C3E139-4530-4A83-B0F1-5E5807EC282D}.Release|Any CPU.Build.0 = Release|Any CPU
		{5E5054C0-2E21-41BE-B778-59EF89C16C0D}.Debug|Any CPU.ActiveCfg = Debug|Any CPU
		{5E5054C0-2E21-41BE-B778-59EF89C16C0D}.Debug|Any CPU.Build.0 = Debug|Any CPU
		{5E5054C0-2E21-41BE-B778-59EF89C16C0D}.Release|Any CPU.ActiveCfg = Release|Any CPU
		{5E5054C0-2E21-41BE-B778-59EF89C16C0D}.Release|Any CPU.Build.0 = Release|Any CPU
		{D17E24FE-BBB9-4963-A934-7DC66754206C}.Debug|Any CPU.ActiveCfg = Debug|Any CPU
		{D17E24FE-BBB9-4963-A934-7DC66754206C}.Debug|Any CPU.Build.0 = Debug|Any CPU
		{D17E24FE-BBB9-4963-A934-7DC66754206C}.Release|Any CPU.ActiveCfg = Release|Any CPU
		{D17E24FE-BBB9-4963-A934-7DC66754206C}.Release|Any CPU.Build.0 = Release|Any CPU
		{4B7FCCEB-5FAD-44E6-BA3F-7C5C9C194ED4}.Debug|Any CPU.ActiveCfg = Debug|Any CPU
		{4B7FCCEB-5FAD-44E6-BA3F-7C5C9C194ED4}.Debug|Any CPU.Build.0 = Debug|Any CPU
		{4B7FCCEB-5FAD-44E6-BA3F-7C5C9C194ED4}.Release|Any CPU.ActiveCfg = Release|Any CPU
		{4B7FCCEB-5FAD-44E6-BA3F-7C5C9C194ED4}.Release|Any CPU.Build.0 = Release|Any CPU
		{EEA89F9E-7CA3-4B0C-ACBF-CDA40D4D2656}.Debug|Any CPU.ActiveCfg = Debug|Any CPU
		{EEA89F9E-7CA3-4B0C-ACBF-CDA40D4D2656}.Debug|Any CPU.Build.0 = Debug|Any CPU
		{EEA89F9E-7CA3-4B0C-ACBF-CDA40D4D2656}.Release|Any CPU.ActiveCfg = Release|Any CPU
		{EEA89F9E-7CA3-4B0C-ACBF-CDA40D4D2656}.Release|Any CPU.Build.0 = Release|Any CPU
	EndGlobalSection
	GlobalSection(SolutionProperties) = preSolution
		HideSolutionNode = FALSE
	EndGlobalSection
	GlobalSection(ExtensibilityGlobals) = postSolution
		SolutionGuid = {62551D35-A2AF-40A3-9F4B-1F5588F412F4}
	EndGlobalSection
EndGlobal
