
Microsoft Visual Studio Solution File, Format Version 12.00
# Visual Studio Version 17
VisualStudioVersion = 17.3.32819.101
MinimumVisualStudioVersion = 10.0.40219.1
Project("{9A19103F-16F7-4668-BE54-9A1E7A4F7556}") = "SimpleApp", "SimpleApp\SimpleApp.csproj", "{BCC64DDB-DED6-44FC-A46B-4CF654F8FC96}"
EndProject
Project("{9A19103F-16F7-4668-BE54-9A1E7A4F7556}") = "TwoLinesApp", "TwoLinesApp\TwoLinesApp.csproj", "{B60C8CDD-61C2-4773-B85D-D61498A62907}"
EndProject
Project("{9A19103F-16F7-4668-BE54-9A1E7A4F7556}") = "SSPE_Question01", "SSPE_Question01\SSPE_Question01.csproj", "{0ECBD24F-18CC-4878-B23C-452CBF607C6E}"
EndProject
Project("{9A19103F-16F7-4668-BE54-9A1E7A4F7556}") = "SSPE_Question02", "SSPE_Question02\SSPE_Question02.csproj", "{0B4CE3D7-EC93-492E-8644-16EB2C920DF4}"
EndProject
Project("{9A19103F-16F7-4668-BE54-9A1E7A4F7556}") = "SSPE_Question03", "SSPE_Question03\SSPE_Question03.csproj", "{1900E5C3-A34A-4D2B-92F9-9C3EB0C0B3B0}"
EndProject
Project("{9A19103F-16F7-4668-BE54-9A1E7A4F7556}") = "SSPE_Question04", "SSPE_Question04\SSPE_Question04.csproj", "{A2017FBD-2594-4620-A7BE-89F12472EE26}"
EndProject
Project("{9A19103F-16F7-4668-BE54-9A1E7A4F7556}") = "SSPE_Qustion05", "SSPE_Qustion05\SSPE_Qustion05.csproj", "{15839AC6-412E-4158-B227-14A429103FB2}"
EndProject
Project("{9A19103F-16F7-4668-BE54-9A1E7A4F7556}") = "ProudParent", "ProudParent\ProudParent.csproj", "{FA823EE3-6537-4B20-A315-1B490640EB2E}"
EndProject
Project("{9A19103F-16F7-4668-BE54-9A1E7A4F7556}") = "AdditionQuiz", "AdditionQuiz\AdditionQuiz.csproj", "{AB539C39-3DC2-419F-8254-DD4D238EDC53}"
EndProject
Project("{9A19103F-16F7-4668-BE54-9A1E7A4F7556}") = "SubtractionQuiz", "SubtractionQuiz\SubtractionQuiz.csproj", "{BC4BC5E9-11B0-4E99-B15B-2B8406C5B32A}"
EndProject
Project("{9A19103F-16F7-4668-BE54-9A1E7A4F7556}") = "ComputeAndInterpretBMI", "ComputeAndInterpretBMI\ComputeAndInterpretBMI.csproj", "{7FBA72AE-43D2-497D-8735-5F51997FB9C4}"
EndProject
Project("{9A19103F-16F7-4668-BE54-9A1E7A4F7556}") = "DSPE_Question01", "DSPE_Question01\DSPE_Question01.csproj", "{ABDE3D3A-FB54-4162-92CD-E8BD64652D7E}"
EndProject
Project("{9A19103F-16F7-4668-BE54-9A1E7A4F7556}") = "DSPE_Qusestion02", "DSPE_Qusestion02\DSPE_Qusestion02.csproj", "{0099484A-D58D-4E7C-B193-6B859FEAC29B}"
EndProject
Project("{9A19103F-16F7-4668-BE54-9A1E7A4F7556}") = "DMP_Question01", "DMP_Question01\DMP_Question01.csproj", "{CC45D95B-55FD-4581-A8BA-778E82E8A2E4}"
EndProject
Project("{9A19103F-16F7-4668-BE54-9A1E7A4F7556}") = "DMP_Question02", "DMP_Question02\DMP_Question02.csproj", "{E2866D95-22D9-42E5-B99A-0ED60A6324B0}"
EndProject
Project("{9A19103F-16F7-4668-BE54-9A1E7A4F7556}") = "CharInputDemo", "CharInputDemo\CharInputDemo.csproj", "{E1C3E139-4530-4A83-B0F1-5E5807EC282D}"
EndProject
Project("{9A19103F-16F7-4668-BE54-9A1E7A4F7556}") = "FormatOutputInColumns", "FormatOutputInColumns\FormatOutputInColumns.csproj", "{5E5054C0-2E21-41BE-B778-59EF89C16C0D}"
EndProject
Project("{9A19103F-16F7-4668-BE54-9A1E7A4F7556}") = "DMP_Question03", "DMP_Question03\DMP_Question03.csproj", "{D17E24FE-BBB9-4963-A934-7DC66754206C}"
EndProject
Project("{9A19103F-16F7-4668-BE54-9A1E7A4F7556}") = "DMP_Question04", "DMP_Question04\DMP_Question04.csproj", "{4B7FCCEB-5FAD-44E6-BA3F-7C5C9C194ED4}"
EndProject
Project("{9A19103F-16F7-4668-BE54-9A1E7A4F7556}") = "DMP2_SwitchQuestion01", "DMP2_SwitchQuestion01\DMP2_SwitchQuestion01.csproj", "{EEA89F9E-7CA3-4B0C-ACBF-CDA40D4D2656}"
EndProject
Project("{9A19103F-16F7-4668-BE54-9A1E7A4F7556}") = "Analysis", "Analysis\Analysis.csproj", "{375F59F7-D4C6-46DC-936D-CB3AE388F8F1}"
EndProject
Project("{9A19103F-16F7-4668-BE54-9A1E7A4F7556}") = "AverageMarks", "AverageMarks\AverageMarks.csproj", "{3FE6E6AB-2626-4A94-9972-D7B2D575ABB3}"
EndProject
Project("{9A19103F-16F7-4668-BE54-9A1E7A4F7556}") = "LP1_Question01", "LP1_Question01\LP1_Question01.csproj", "{308766DF-B018-4F13-8551-A1C06FD7A8B4}"
EndProject
Project("{9A19103F-16F7-4668-BE54-9A1E7A4F7556}") = "LP1_Question03", "LP1_Question03\LP1_Question03.csproj", "{1EEEE7AA-9867-481B-9E30-96F826B14F87}"
EndProject
Project("{9A19103F-16F7-4668-BE54-9A1E7A4F7556}") = "FilledRectangle", "FilledRectangle\FilledRectangle.csproj", "{2A710D2E-17B1-40E5-A265-899C638FDB82}"
EndProject
Project("{9A19103F-16F7-4668-BE54-9A1E7A4F7556}") = "HollowRectangle", "HollowRectangle\HollowRectangle.csproj", "{0ECDD797-3629-4B3C-BDC9-405DB8C32087}"
EndProject
Project("{9A19103F-16F7-4668-BE54-9A1E7A4F7556}") = "HolllowRectangleWithBorder", "HolllowRectangleWithBorder\HolllowRectangleWithBorder.csproj", "{B9551F8B-80B3-4FF4-897D-EAD3974F3EF9}"
EndProject
Project("{9A19103F-16F7-4668-BE54-9A1E7A4F7556}") = "MoveableRectangle", "MoveableRectangle\MoveableRectangle.csproj", "{9E1719A3-2B1F-4C37-8D57-830AC50BF7E9}"
EndProject
Project("{9A19103F-16F7-4668-BE54-9A1E7A4F7556}") = "FilledTriangle", "FilledTriangle\FilledTriangle.csproj", "{B3ED953A-D27B-4F0F-AC5B-F8D19176A063}"
EndProject
Project("{2150E333-8FDC-42A3-9474-1A3956D46DE8}") = "Loops", "Loops", "{DDCE799D-2261-4FC7-A96F-507BCC03DCFC}"
EndProject
Project("{2150E333-8FDC-42A3-9474-1A3956D46DE8}") = "DecisionStructure", "DecisionStructure", "{60477294-5566-479B-A574-7468A815161A}"
EndProject
Project("{2150E333-8FDC-42A3-9474-1A3956D46DE8}") = "SequenceStructure", "SequenceStructure", "{E1BCE779-12AC-45E8-AB34-902F82A95354}"
EndProject
Project("{9A19103F-16F7-4668-BE54-9A1E7A4F7556}") = "LP2_Question1", "LP2_Question1\LP2_Question1.csproj", "{ABCD02F3-7233-40AE-93E2-299928E9E0F1}"
EndProject
Project("{2150E333-8FDC-42A3-9474-1A3956D46DE8}") = "Files", "Files", "{ADEE0918-66DE-4559-90C2-A7008FFCDE93}"
EndProject
Project("{9A19103F-16F7-4668-BE54-9A1E7A4F7556}") = "StreamWriterDemo01", "StreamWriterDemo01\StreamWriterDemo01.csproj", "{E10235BD-CFC3-4940-8F6B-1821D4481FF3}"
EndProject
Project("{9A19103F-16F7-4668-BE54-9A1E7A4F7556}") = "StreadReaderDemo01", "StreadReaderDemo01\StreadReaderDemo01.csproj", "{035E7A06-CD74-4FA7-8E6F-8913B9E5FA61}"
EndProject
Project("{2150E333-8FDC-42A3-9474-1A3956D46DE8}") = "Methods", "Methods", "{C0E9B3F6-A439-4A8C-BA70-70BE9237062F}"
EndProject
Project("{9A19103F-16F7-4668-BE54-9A1E7A4F7556}") = "CupsConverter", "CupsConverter\CupsConverter.csproj", "{ECFDDBDF-C1AA-4F75-B179-41FDD823818C}"
EndProject
Project("{9A19103F-16F7-4668-BE54-9A1E7A4F7556}") = "MP_Question01", "MP_Question01\MP_Question01.csproj", "{1E7128D5-1AD5-4D94-954A-A7ADADC4429B}"
EndProject
Project("{9A19103F-16F7-4668-BE54-9A1E7A4F7556}") = "MathTutor01", "MathTutor01\MathTutor01.csproj", "{F2F19DE6-A8F7-489A-AF19-52930FBA5369}"
EndProject
Project("{9A19103F-16F7-4668-BE54-9A1E7A4F7556}") = "MathTutor02", "MathTutor02\MathTutor02.csproj", "{7BDEAE16-C8FF-497B-BD1C-4D466274BF3B}"
EndProject
Project("{9A19103F-16F7-4668-BE54-9A1E7A4F7556}") = "Aninmation", "Aninmation\Aninmation.csproj", "{ECE2B864-F35C-4041-9F7F-31070D45EA6E}"
EndProject
Project("{9A19103F-16F7-4668-BE54-9A1E7A4F7556}") = "ExtraPractice_Question1", "ExtraPractice_Question1\ExtraPractice_Question1.csproj", "{779F3092-35B9-4DCC-9806-07E1EE6525B4}"
EndProject
Project("{9A19103F-16F7-4668-BE54-9A1E7A4F7556}") = "MP2_Question_1to3", "MP2_Question_1to3\MP2_Question_1to3.csproj", "{1A2644B2-0D6D-4A83-AB69-A94E40546237}"
EndProject
Project("{9A19103F-16F7-4668-BE54-9A1E7A4F7556}") = "PassByValueAndReferenceDemo", "PassByValueAndReferenceDemo\PassByValueAndReferenceDemo.csproj", "{8CFCA169-866A-4579-9B9B-287D81A52AED}"
EndProject
Project("{9A19103F-16F7-4668-BE54-9A1E7A4F7556}") = "InvestmentFutureValue", "InvestmentFutureValue\InvestmentFutureValue.csproj", "{D57371ED-419C-40CB-A01E-BE1A86974010}"
EndProject
Project("{2150E333-8FDC-42A3-9474-1A3956D46DE8}") = "Arrays", "Arrays", "{9F21B212-2587-47EC-A5D5-66B2C4886BAC}"
EndProject
Project("{9A19103F-16F7-4668-BE54-9A1E7A4F7556}") = "PollutionLevelApp", "PollutionLevelApp\PollutionLevelApp.csproj", "{E32FEA9B-E1A3-4E41-8EBB-D51660478BC7}"
EndProject
Project("{9A19103F-16F7-4668-BE54-9A1E7A4F7556}") = "AverageScoreApp", "AverageScoreApp\AverageScoreApp.csproj", "{FC71D520-236F-4674-A099-B639077FC945}"
EndProject
Project("{9A19103F-16F7-4668-BE54-9A1E7A4F7556}") = "Bar1App", "Bar1App\Bar1App.csproj", "{AEFDACDE-2768-4145-B934-E26C175CD592}"
EndProject
Project("{9A19103F-16F7-4668-BE54-9A1E7A4F7556}") = "PassingArraysToMethods", "PassingArraysToMethods\PassingArraysToMethods.csproj", "{4B4BCF30-0F93-4273-A1EB-1F1B6190F30B}"
EndProject
Project("{9A19103F-16F7-4668-BE54-9A1E7A4F7556}") = "PassingArraysToMethodsWarmUp", "PassingArraysToMethodsWarmUp\PassingArraysToMethodsWarmUp.csproj", "{DFF45DB3-0893-438E-8EF1-B7B237C225BB}"
EndProject
Project("{9A19103F-16F7-4668-BE54-9A1E7A4F7556}") = "Bar2App", "Bar2App\Bar2App.csproj", "{FF76EBC2-CAFB-4829-AD4C-838A09ABB92E}"
EndProject
Project("{9A19103F-16F7-4668-BE54-9A1E7A4F7556}") = "AP1Question01", "AP1Question01\AP1Question01.csproj", "{9495DE60-7F2A-430E-AA4F-A3A81DCD7ABC}"
EndProject
Project("{9A19103F-16F7-4668-BE54-9A1E7A4F7556}") = "AP1Question02", "AP1Question02\AP1Question02.csproj", "{637906A8-8140-4AF1-97B5-3F07A7AF19E1}"
EndProject
Project("{9A19103F-16F7-4668-BE54-9A1E7A4F7556}") = "AP1Question03", "AP1Question03\AP1Question03.csproj", "{2598E399-484B-40B3-922E-5FBD4E2412D9}"
EndProject
Project("{9A19103F-16F7-4668-BE54-9A1E7A4F7556}") = "ArrayDemo01", "ArrayDemo01\ArrayDemo01.csproj", "{5C7992F5-A3CB-485D-A514-12AB9C5C7E2C}"
EndProject
Project("{9A19103F-16F7-4668-BE54-9A1E7A4F7556}") = "StaticVariableDemo", "StaticVariableDemo\StaticVariableDemo.csproj", "{F1172C6D-B9EE-4583-9F09-AF6AF7D76DFF}"
EndProject
Project("{9A19103F-16F7-4668-BE54-9A1E7A4F7556}") = "NonTopLevelStatementProgram", "NonTopLevelStatementProgram\NonTopLevelStatementProgram.csproj", "{FEDAFF43-0AFF-41F5-94A9-446E3797D933}"
EndProject
Project("{2150E333-8FDC-42A3-9474-1A3956D46DE8}") = "OOP", "OOP", "{B3EDDBA7-929D-488B-AD6A-F7884DE32BA0}"
EndProject
Project("{9A19103F-16F7-4668-BE54-9A1E7A4F7556}") = "DieApp", "DieApp\DieApp.csproj", "{61E024FA-5CAD-4704-A22B-96FBB68D09D5}"
EndProject
Project("{9A19103F-16F7-4668-BE54-9A1E7A4F7556}") = "RectangleApp", "RectangleApp\RectangleApp.csproj", "{A2B00B82-C70D-4B4C-86CA-7D1D51D05AFD}"
EndProject
Project("{FAE04EC0-301F-11D3-BF4B-00C04F79EFBC}") = "StudentApp1", "StudentApp1\StudentApp1.csproj", "{10E0DD32-B3CF-4326-9AD5-44A84CEACBB9}"
EndProject
Global
	GlobalSection(SolutionConfigurationPlatforms) = preSolution
		Debug|Any CPU = Debug|Any CPU
		Release|Any CPU = Release|Any CPU
	EndGlobalSection
	GlobalSection(ProjectConfigurationPlatforms) = postSolution
		{BCC64DDB-DED6-44FC-A46B-4CF654F8FC96}.Debug|Any CPU.ActiveCfg = Debug|Any CPU
		{BCC64DDB-DED6-44FC-A46B-4CF654F8FC96}.Debug|Any CPU.Build.0 = Debug|Any CPU
		{BCC64DDB-DED6-44FC-A46B-4CF654F8FC96}.Release|Any CPU.ActiveCfg = Release|Any CPU
		{BCC64DDB-DED6-44FC-A46B-4CF654F8FC96}.Release|Any CPU.Build.0 = Release|Any CPU
		{B60C8CDD-61C2-4773-B85D-D61498A62907}.Debug|Any CPU.ActiveCfg = Debug|Any CPU
		{B60C8CDD-61C2-4773-B85D-D61498A62907}.Debug|Any CPU.Build.0 = Debug|Any CPU
		{B60C8CDD-61C2-4773-B85D-D61498A62907}.Release|Any CPU.ActiveCfg = Release|Any CPU
		{B60C8CDD-61C2-4773-B85D-D61498A62907}.Release|Any CPU.Build.0 = Release|Any CPU
		{0ECBD24F-18CC-4878-B23C-452CBF607C6E}.Debug|Any CPU.ActiveCfg = Debug|Any CPU
		{0ECBD24F-18CC-4878-B23C-452CBF607C6E}.Debug|Any CPU.Build.0 = Debug|Any CPU
		{0ECBD24F-18CC-4878-B23C-452CBF607C6E}.Release|Any CPU.ActiveCfg = Release|Any CPU
		{0ECBD24F-18CC-4878-B23C-452CBF607C6E}.Release|Any CPU.Build.0 = Release|Any CPU
		{0B4CE3D7-EC93-492E-8644-16EB2C920DF4}.Debug|Any CPU.ActiveCfg = Debug|Any CPU
		{0B4CE3D7-EC93-492E-8644-16EB2C920DF4}.Debug|Any CPU.Build.0 = Debug|Any CPU
		{0B4CE3D7-EC93-492E-8644-16EB2C920DF4}.Release|Any CPU.ActiveCfg = Release|Any CPU
		{0B4CE3D7-EC93-492E-8644-16EB2C920DF4}.Release|Any CPU.Build.0 = Release|Any CPU
		{1900E5C3-A34A-4D2B-92F9-9C3EB0C0B3B0}.Debug|Any CPU.ActiveCfg = Debug|Any CPU
		{1900E5C3-A34A-4D2B-92F9-9C3EB0C0B3B0}.Debug|Any CPU.Build.0 = Debug|Any CPU
		{1900E5C3-A34A-4D2B-92F9-9C3EB0C0B3B0}.Release|Any CPU.ActiveCfg = Release|Any CPU
		{1900E5C3-A34A-4D2B-92F9-9C3EB0C0B3B0}.Release|Any CPU.Build.0 = Release|Any CPU
		{A2017FBD-2594-4620-A7BE-89F12472EE26}.Debug|Any CPU.ActiveCfg = Debug|Any CPU
		{A2017FBD-2594-4620-A7BE-89F12472EE26}.Debug|Any CPU.Build.0 = Debug|Any CPU
		{A2017FBD-2594-4620-A7BE-89F12472EE26}.Release|Any CPU.ActiveCfg = Release|Any CPU
		{A2017FBD-2594-4620-A7BE-89F12472EE26}.Release|Any CPU.Build.0 = Release|Any CPU
		{15839AC6-412E-4158-B227-14A429103FB2}.Debug|Any CPU.ActiveCfg = Debug|Any CPU
		{15839AC6-412E-4158-B227-14A429103FB2}.Debug|Any CPU.Build.0 = Debug|Any CPU
		{15839AC6-412E-4158-B227-14A429103FB2}.Release|Any CPU.ActiveCfg = Release|Any CPU
		{15839AC6-412E-4158-B227-14A429103FB2}.Release|Any CPU.Build.0 = Release|Any CPU
		{FA823EE3-6537-4B20-A315-1B490640EB2E}.Debug|Any CPU.ActiveCfg = Debug|Any CPU
		{FA823EE3-6537-4B20-A315-1B490640EB2E}.Debug|Any CPU.Build.0 = Debug|Any CPU
		{FA823EE3-6537-4B20-A315-1B490640EB2E}.Release|Any CPU.ActiveCfg = Release|Any CPU
		{FA823EE3-6537-4B20-A315-1B490640EB2E}.Release|Any CPU.Build.0 = Release|Any CPU
		{AB539C39-3DC2-419F-8254-DD4D238EDC53}.Debug|Any CPU.ActiveCfg = Debug|Any CPU
		{AB539C39-3DC2-419F-8254-DD4D238EDC53}.Debug|Any CPU.Build.0 = Debug|Any CPU
		{AB539C39-3DC2-419F-8254-DD4D238EDC53}.Release|Any CPU.ActiveCfg = Release|Any CPU
		{AB539C39-3DC2-419F-8254-DD4D238EDC53}.Release|Any CPU.Build.0 = Release|Any CPU
		{BC4BC5E9-11B0-4E99-B15B-2B8406C5B32A}.Debug|Any CPU.ActiveCfg = Debug|Any CPU
		{BC4BC5E9-11B0-4E99-B15B-2B8406C5B32A}.Debug|Any CPU.Build.0 = Debug|Any CPU
		{BC4BC5E9-11B0-4E99-B15B-2B8406C5B32A}.Release|Any CPU.ActiveCfg = Release|Any CPU
		{BC4BC5E9-11B0-4E99-B15B-2B8406C5B32A}.Release|Any CPU.Build.0 = Release|Any CPU
		{7FBA72AE-43D2-497D-8735-5F51997FB9C4}.Debug|Any CPU.ActiveCfg = Debug|Any CPU
		{7FBA72AE-43D2-497D-8735-5F51997FB9C4}.Debug|Any CPU.Build.0 = Debug|Any CPU
		{7FBA72AE-43D2-497D-8735-5F51997FB9C4}.Release|Any CPU.ActiveCfg = Release|Any CPU
		{7FBA72AE-43D2-497D-8735-5F51997FB9C4}.Release|Any CPU.Build.0 = Release|Any CPU
		{ABDE3D3A-FB54-4162-92CD-E8BD64652D7E}.Debug|Any CPU.ActiveCfg = Debug|Any CPU
		{ABDE3D3A-FB54-4162-92CD-E8BD64652D7E}.Debug|Any CPU.Build.0 = Debug|Any CPU
		{ABDE3D3A-FB54-4162-92CD-E8BD64652D7E}.Release|Any CPU.ActiveCfg = Release|Any CPU
		{ABDE3D3A-FB54-4162-92CD-E8BD64652D7E}.Release|Any CPU.Build.0 = Release|Any CPU
		{0099484A-D58D-4E7C-B193-6B859FEAC29B}.Debug|Any CPU.ActiveCfg = Debug|Any CPU
		{0099484A-D58D-4E7C-B193-6B859FEAC29B}.Debug|Any CPU.Build.0 = Debug|Any CPU
		{0099484A-D58D-4E7C-B193-6B859FEAC29B}.Release|Any CPU.ActiveCfg = Release|Any CPU
		{0099484A-D58D-4E7C-B193-6B859FEAC29B}.Release|Any CPU.Build.0 = Release|Any CPU
		{CC45D95B-55FD-4581-A8BA-778E82E8A2E4}.Debug|Any CPU.ActiveCfg = Debug|Any CPU
		{CC45D95B-55FD-4581-A8BA-778E82E8A2E4}.Debug|Any CPU.Build.0 = Debug|Any CPU
		{CC45D95B-55FD-4581-A8BA-778E82E8A2E4}.Release|Any CPU.ActiveCfg = Release|Any CPU
		{CC45D95B-55FD-4581-A8BA-778E82E8A2E4}.Release|Any CPU.Build.0 = Release|Any CPU
		{E2866D95-22D9-42E5-B99A-0ED60A6324B0}.Debug|Any CPU.ActiveCfg = Debug|Any CPU
		{E2866D95-22D9-42E5-B99A-0ED60A6324B0}.Debug|Any CPU.Build.0 = Debug|Any CPU
		{E2866D95-22D9-42E5-B99A-0ED60A6324B0}.Release|Any CPU.ActiveCfg = Release|Any CPU
		{E2866D95-22D9-42E5-B99A-0ED60A6324B0}.Release|Any CPU.Build.0 = Release|Any CPU
		{E1C3E139-4530-4A83-B0F1-5E5807EC282D}.Debug|Any CPU.ActiveCfg = Debug|Any CPU
		{E1C3E139-4530-4A83-B0F1-5E5807EC282D}.Debug|Any CPU.Build.0 = Debug|Any CPU
		{E1C3E139-4530-4A83-B0F1-5E5807EC282D}.Release|Any CPU.ActiveCfg = Release|Any CPU
		{E1C3E139-4530-4A83-B0F1-5E5807EC282D}.Release|Any CPU.Build.0 = Release|Any CPU
		{5E5054C0-2E21-41BE-B778-59EF89C16C0D}.Debug|Any CPU.ActiveCfg = Debug|Any CPU
		{5E5054C0-2E21-41BE-B778-59EF89C16C0D}.Debug|Any CPU.Build.0 = Debug|Any CPU
		{5E5054C0-2E21-41BE-B778-59EF89C16C0D}.Release|Any CPU.ActiveCfg = Release|Any CPU
		{5E5054C0-2E21-41BE-B778-59EF89C16C0D}.Release|Any CPU.Build.0 = Release|Any CPU
		{D17E24FE-BBB9-4963-A934-7DC66754206C}.Debug|Any CPU.ActiveCfg = Debug|Any CPU
		{D17E24FE-BBB9-4963-A934-7DC66754206C}.Debug|Any CPU.Build.0 = Debug|Any CPU
		{D17E24FE-BBB9-4963-A934-7DC66754206C}.Release|Any CPU.ActiveCfg = Release|Any CPU
		{D17E24FE-BBB9-4963-A934-7DC66754206C}.Release|Any CPU.Build.0 = Release|Any CPU
		{4B7FCCEB-5FAD-44E6-BA3F-7C5C9C194ED4}.Debug|Any CPU.ActiveCfg = Debug|Any CPU
		{4B7FCCEB-5FAD-44E6-BA3F-7C5C9C194ED4}.Debug|Any CPU.Build.0 = Debug|Any CPU
		{4B7FCCEB-5FAD-44E6-BA3F-7C5C9C194ED4}.Release|Any CPU.ActiveCfg = Release|Any CPU
		{4B7FCCEB-5FAD-44E6-BA3F-7C5C9C194ED4}.Release|Any CPU.Build.0 = Release|Any CPU
		{EEA89F9E-7CA3-4B0C-ACBF-CDA40D4D2656}.Debug|Any CPU.ActiveCfg = Debug|Any CPU
		{EEA89F9E-7CA3-4B0C-ACBF-CDA40D4D2656}.Debug|Any CPU.Build.0 = Debug|Any CPU
		{EEA89F9E-7CA3-4B0C-ACBF-CDA40D4D2656}.Release|Any CPU.ActiveCfg = Release|Any CPU
		{EEA89F9E-7CA3-4B0C-ACBF-CDA40D4D2656}.Release|Any CPU.Build.0 = Release|Any CPU
		{375F59F7-D4C6-46DC-936D-CB3AE388F8F1}.Debug|Any CPU.ActiveCfg = Debug|Any CPU
		{375F59F7-D4C6-46DC-936D-CB3AE388F8F1}.Debug|Any CPU.Build.0 = Debug|Any CPU
		{375F59F7-D4C6-46DC-936D-CB3AE388F8F1}.Release|Any CPU.ActiveCfg = Release|Any CPU
		{375F59F7-D4C6-46DC-936D-CB3AE388F8F1}.Release|Any CPU.Build.0 = Release|Any CPU
		{3FE6E6AB-2626-4A94-9972-D7B2D575ABB3}.Debug|Any CPU.ActiveCfg = Debug|Any CPU
		{3FE6E6AB-2626-4A94-9972-D7B2D575ABB3}.Debug|Any CPU.Build.0 = Debug|Any CPU
		{3FE6E6AB-2626-4A94-9972-D7B2D575ABB3}.Release|Any CPU.ActiveCfg = Release|Any CPU
		{3FE6E6AB-2626-4A94-9972-D7B2D575ABB3}.Release|Any CPU.Build.0 = Release|Any CPU
		{308766DF-B018-4F13-8551-A1C06FD7A8B4}.Debug|Any CPU.ActiveCfg = Debug|Any CPU
		{308766DF-B018-4F13-8551-A1C06FD7A8B4}.Debug|Any CPU.Build.0 = Debug|Any CPU
		{308766DF-B018-4F13-8551-A1C06FD7A8B4}.Release|Any CPU.ActiveCfg = Release|Any CPU
		{308766DF-B018-4F13-8551-A1C06FD7A8B4}.Release|Any CPU.Build.0 = Release|Any CPU
		{1EEEE7AA-9867-481B-9E30-96F826B14F87}.Debug|Any CPU.ActiveCfg = Debug|Any CPU
		{1EEEE7AA-9867-481B-9E30-96F826B14F87}.Debug|Any CPU.Build.0 = Debug|Any CPU
		{1EEEE7AA-9867-481B-9E30-96F826B14F87}.Release|Any CPU.ActiveCfg = Release|Any CPU
		{1EEEE7AA-9867-481B-9E30-96F826B14F87}.Release|Any CPU.Build.0 = Release|Any CPU
		{2A710D2E-17B1-40E5-A265-899C638FDB82}.Debug|Any CPU.ActiveCfg = Debug|Any CPU
		{2A710D2E-17B1-40E5-A265-899C638FDB82}.Debug|Any CPU.Build.0 = Debug|Any CPU
		{2A710D2E-17B1-40E5-A265-899C638FDB82}.Release|Any CPU.ActiveCfg = Release|Any CPU
		{2A710D2E-17B1-40E5-A265-899C638FDB82}.Release|Any CPU.Build.0 = Release|Any CPU
		{0ECDD797-3629-4B3C-BDC9-405DB8C32087}.Debug|Any CPU.ActiveCfg = Debug|Any CPU
		{0ECDD797-3629-4B3C-BDC9-405DB8C32087}.Debug|Any CPU.Build.0 = Debug|Any CPU
		{0ECDD797-3629-4B3C-BDC9-405DB8C32087}.Release|Any CPU.ActiveCfg = Release|Any CPU
		{0ECDD797-3629-4B3C-BDC9-405DB8C32087}.Release|Any CPU.Build.0 = Release|Any CPU
		{B9551F8B-80B3-4FF4-897D-EAD3974F3EF9}.Debug|Any CPU.ActiveCfg = Debug|Any CPU
		{B9551F8B-80B3-4FF4-897D-EAD3974F3EF9}.Debug|Any CPU.Build.0 = Debug|Any CPU
		{B9551F8B-80B3-4FF4-897D-EAD3974F3EF9}.Release|Any CPU.ActiveCfg = Release|Any CPU
		{B9551F8B-80B3-4FF4-897D-EAD3974F3EF9}.Release|Any CPU.Build.0 = Release|Any CPU
		{9E1719A3-2B1F-4C37-8D57-830AC50BF7E9}.Debug|Any CPU.ActiveCfg = Debug|Any CPU
		{9E1719A3-2B1F-4C37-8D57-830AC50BF7E9}.Debug|Any CPU.Build.0 = Debug|Any CPU
		{9E1719A3-2B1F-4C37-8D57-830AC50BF7E9}.Release|Any CPU.ActiveCfg = Release|Any CPU
		{9E1719A3-2B1F-4C37-8D57-830AC50BF7E9}.Release|Any CPU.Build.0 = Release|Any CPU
		{B3ED953A-D27B-4F0F-AC5B-F8D19176A063}.Debug|Any CPU.ActiveCfg = Debug|Any CPU
		{B3ED953A-D27B-4F0F-AC5B-F8D19176A063}.Debug|Any CPU.Build.0 = Debug|Any CPU
		{B3ED953A-D27B-4F0F-AC5B-F8D19176A063}.Release|Any CPU.ActiveCfg = Release|Any CPU
		{B3ED953A-D27B-4F0F-AC5B-F8D19176A063}.Release|Any CPU.Build.0 = Release|Any CPU
		{ABCD02F3-7233-40AE-93E2-299928E9E0F1}.Debug|Any CPU.ActiveCfg = Debug|Any CPU
		{ABCD02F3-7233-40AE-93E2-299928E9E0F1}.Debug|Any CPU.Build.0 = Debug|Any CPU
		{ABCD02F3-7233-40AE-93E2-299928E9E0F1}.Release|Any CPU.ActiveCfg = Release|Any CPU
		{ABCD02F3-7233-40AE-93E2-299928E9E0F1}.Release|Any CPU.Build.0 = Release|Any CPU
		{E10235BD-CFC3-4940-8F6B-1821D4481FF3}.Debug|Any CPU.ActiveCfg = Debug|Any CPU
		{E10235BD-CFC3-4940-8F6B-1821D4481FF3}.Debug|Any CPU.Build.0 = Debug|Any CPU
		{E10235BD-CFC3-4940-8F6B-1821D4481FF3}.Release|Any CPU.ActiveCfg = Release|Any CPU
		{E10235BD-CFC3-4940-8F6B-1821D4481FF3}.Release|Any CPU.Build.0 = Release|Any CPU
		{035E7A06-CD74-4FA7-8E6F-8913B9E5FA61}.Debug|Any CPU.ActiveCfg = Debug|Any CPU
		{035E7A06-CD74-4FA7-8E6F-8913B9E5FA61}.Debug|Any CPU.Build.0 = Debug|Any CPU
		{035E7A06-CD74-4FA7-8E6F-8913B9E5FA61}.Release|Any CPU.ActiveCfg = Release|Any CPU
		{035E7A06-CD74-4FA7-8E6F-8913B9E5FA61}.Release|Any CPU.Build.0 = Release|Any CPU
		{ECFDDBDF-C1AA-4F75-B179-41FDD823818C}.Debug|Any CPU.ActiveCfg = Debug|Any CPU
		{ECFDDBDF-C1AA-4F75-B179-41FDD823818C}.Debug|Any CPU.Build.0 = Debug|Any CPU
		{ECFDDBDF-C1AA-4F75-B179-41FDD823818C}.Release|Any CPU.ActiveCfg = Release|Any CPU
		{ECFDDBDF-C1AA-4F75-B179-41FDD823818C}.Release|Any CPU.Build.0 = Release|Any CPU
		{1E7128D5-1AD5-4D94-954A-A7ADADC4429B}.Debug|Any CPU.ActiveCfg = Debug|Any CPU
		{1E7128D5-1AD5-4D94-954A-A7ADADC4429B}.Debug|Any CPU.Build.0 = Debug|Any CPU
		{1E7128D5-1AD5-4D94-954A-A7ADADC4429B}.Release|Any CPU.ActiveCfg = Release|Any CPU
		{1E7128D5-1AD5-4D94-954A-A7ADADC4429B}.Release|Any CPU.Build.0 = Release|Any CPU
		{F2F19DE6-A8F7-489A-AF19-52930FBA5369}.Debug|Any CPU.ActiveCfg = Debug|Any CPU
		{F2F19DE6-A8F7-489A-AF19-52930FBA5369}.Debug|Any CPU.Build.0 = Debug|Any CPU
		{F2F19DE6-A8F7-489A-AF19-52930FBA5369}.Release|Any CPU.ActiveCfg = Release|Any CPU
		{F2F19DE6-A8F7-489A-AF19-52930FBA5369}.Release|Any CPU.Build.0 = Release|Any CPU
		{7BDEAE16-C8FF-497B-BD1C-4D466274BF3B}.Debug|Any CPU.ActiveCfg = Debug|Any CPU
		{7BDEAE16-C8FF-497B-BD1C-4D466274BF3B}.Debug|Any CPU.Build.0 = Debug|Any CPU
		{7BDEAE16-C8FF-497B-BD1C-4D466274BF3B}.Release|Any CPU.ActiveCfg = Release|Any CPU
		{7BDEAE16-C8FF-497B-BD1C-4D466274BF3B}.Release|Any CPU.Build.0 = Release|Any CPU
		{ECE2B864-F35C-4041-9F7F-31070D45EA6E}.Debug|Any CPU.ActiveCfg = Debug|Any CPU
		{ECE2B864-F35C-4041-9F7F-31070D45EA6E}.Debug|Any CPU.Build.0 = Debug|Any CPU
		{ECE2B864-F35C-4041-9F7F-31070D45EA6E}.Release|Any CPU.ActiveCfg = Release|Any CPU
		{ECE2B864-F35C-4041-9F7F-31070D45EA6E}.Release|Any CPU.Build.0 = Release|Any CPU
		{779F3092-35B9-4DCC-9806-07E1EE6525B4}.Debug|Any CPU.ActiveCfg = Debug|Any CPU
		{779F3092-35B9-4DCC-9806-07E1EE6525B4}.Debug|Any CPU.Build.0 = Debug|Any CPU
		{779F3092-35B9-4DCC-9806-07E1EE6525B4}.Release|Any CPU.ActiveCfg = Release|Any CPU
		{779F3092-35B9-4DCC-9806-07E1EE6525B4}.Release|Any CPU.Build.0 = Release|Any CPU
		{1A2644B2-0D6D-4A83-AB69-A94E40546237}.Debug|Any CPU.ActiveCfg = Debug|Any CPU
		{1A2644B2-0D6D-4A83-AB69-A94E40546237}.Debug|Any CPU.Build.0 = Debug|Any CPU
		{1A2644B2-0D6D-4A83-AB69-A94E40546237}.Release|Any CPU.ActiveCfg = Release|Any CPU
		{1A2644B2-0D6D-4A83-AB69-A94E40546237}.Release|Any CPU.Build.0 = Release|Any CPU
		{8CFCA169-866A-4579-9B9B-287D81A52AED}.Debug|Any CPU.ActiveCfg = Debug|Any CPU
		{8CFCA169-866A-4579-9B9B-287D81A52AED}.Debug|Any CPU.Build.0 = Debug|Any CPU
		{8CFCA169-866A-4579-9B9B-287D81A52AED}.Release|Any CPU.ActiveCfg = Release|Any CPU
		{8CFCA169-866A-4579-9B9B-287D81A52AED}.Release|Any CPU.Build.0 = Release|Any CPU
		{D57371ED-419C-40CB-A01E-BE1A86974010}.Debug|Any CPU.ActiveCfg = Debug|Any CPU
		{D57371ED-419C-40CB-A01E-BE1A86974010}.Debug|Any CPU.Build.0 = Debug|Any CPU
		{D57371ED-419C-40CB-A01E-BE1A86974010}.Release|Any CPU.ActiveCfg = Release|Any CPU
		{D57371ED-419C-40CB-A01E-BE1A86974010}.Release|Any CPU.Build.0 = Release|Any CPU
		{E32FEA9B-E1A3-4E41-8EBB-D51660478BC7}.Debug|Any CPU.ActiveCfg = Debug|Any CPU
		{E32FEA9B-E1A3-4E41-8EBB-D51660478BC7}.Debug|Any CPU.Build.0 = Debug|Any CPU
		{E32FEA9B-E1A3-4E41-8EBB-D51660478BC7}.Release|Any CPU.ActiveCfg = Release|Any CPU
		{E32FEA9B-E1A3-4E41-8EBB-D51660478BC7}.Release|Any CPU.Build.0 = Release|Any CPU
		{FC71D520-236F-4674-A099-B639077FC945}.Debug|Any CPU.ActiveCfg = Debug|Any CPU
		{FC71D520-236F-4674-A099-B639077FC945}.Debug|Any CPU.Build.0 = Debug|Any CPU
		{FC71D520-236F-4674-A099-B639077FC945}.Release|Any CPU.ActiveCfg = Release|Any CPU
		{FC71D520-236F-4674-A099-B639077FC945}.Release|Any CPU.Build.0 = Release|Any CPU
		{AEFDACDE-2768-4145-B934-E26C175CD592}.Debug|Any CPU.ActiveCfg = Debug|Any CPU
		{AEFDACDE-2768-4145-B934-E26C175CD592}.Debug|Any CPU.Build.0 = Debug|Any CPU
		{AEFDACDE-2768-4145-B934-E26C175CD592}.Release|Any CPU.ActiveCfg = Release|Any CPU
		{AEFDACDE-2768-4145-B934-E26C175CD592}.Release|Any CPU.Build.0 = Release|Any CPU
		{4B4BCF30-0F93-4273-A1EB-1F1B6190F30B}.Debug|Any CPU.ActiveCfg = Debug|Any CPU
		{4B4BCF30-0F93-4273-A1EB-1F1B6190F30B}.Debug|Any CPU.Build.0 = Debug|Any CPU
		{4B4BCF30-0F93-4273-A1EB-1F1B6190F30B}.Release|Any CPU.ActiveCfg = Release|Any CPU
		{4B4BCF30-0F93-4273-A1EB-1F1B6190F30B}.Release|Any CPU.Build.0 = Release|Any CPU
		{DFF45DB3-0893-438E-8EF1-B7B237C225BB}.Debug|Any CPU.ActiveCfg = Debug|Any CPU
		{DFF45DB3-0893-438E-8EF1-B7B237C225BB}.Debug|Any CPU.Build.0 = Debug|Any CPU
		{DFF45DB3-0893-438E-8EF1-B7B237C225BB}.Release|Any CPU.ActiveCfg = Release|Any CPU
		{DFF45DB3-0893-438E-8EF1-B7B237C225BB}.Release|Any CPU.Build.0 = Release|Any CPU
		{FF76EBC2-CAFB-4829-AD4C-838A09ABB92E}.Debug|Any CPU.ActiveCfg = Debug|Any CPU
		{FF76EBC2-CAFB-4829-AD4C-838A09ABB92E}.Debug|Any CPU.Build.0 = Debug|Any CPU
		{FF76EBC2-CAFB-4829-AD4C-838A09ABB92E}.Release|Any CPU.ActiveCfg = Release|Any CPU
		{FF76EBC2-CAFB-4829-AD4C-838A09ABB92E}.Release|Any CPU.Build.0 = Release|Any CPU
		{9495DE60-7F2A-430E-AA4F-A3A81DCD7ABC}.Debug|Any CPU.ActiveCfg = Debug|Any CPU
		{9495DE60-7F2A-430E-AA4F-A3A81DCD7ABC}.Debug|Any CPU.Build.0 = Debug|Any CPU
		{9495DE60-7F2A-430E-AA4F-A3A81DCD7ABC}.Release|Any CPU.ActiveCfg = Release|Any CPU
		{9495DE60-7F2A-430E-AA4F-A3A81DCD7ABC}.Release|Any CPU.Build.0 = Release|Any CPU
		{637906A8-8140-4AF1-97B5-3F07A7AF19E1}.Debug|Any CPU.ActiveCfg = Debug|Any CPU
		{637906A8-8140-4AF1-97B5-3F07A7AF19E1}.Debug|Any CPU.Build.0 = Debug|Any CPU
		{637906A8-8140-4AF1-97B5-3F07A7AF19E1}.Release|Any CPU.ActiveCfg = Release|Any CPU
		{637906A8-8140-4AF1-97B5-3F07A7AF19E1}.Release|Any CPU.Build.0 = Release|Any CPU
		{2598E399-484B-40B3-922E-5FBD4E2412D9}.Debug|Any CPU.ActiveCfg = Debug|Any CPU
		{2598E399-484B-40B3-922E-5FBD4E2412D9}.Debug|Any CPU.Build.0 = Debug|Any CPU
		{2598E399-484B-40B3-922E-5FBD4E2412D9}.Release|Any CPU.ActiveCfg = Release|Any CPU
		{2598E399-484B-40B3-922E-5FBD4E2412D9}.Release|Any CPU.Build.0 = Release|Any CPU
		{5C7992F5-A3CB-485D-A514-12AB9C5C7E2C}.Debug|Any CPU.ActiveCfg = Debug|Any CPU
		{5C7992F5-A3CB-485D-A514-12AB9C5C7E2C}.Debug|Any CPU.Build.0 = Debug|Any CPU
		{5C7992F5-A3CB-485D-A514-12AB9C5C7E2C}.Release|Any CPU.ActiveCfg = Release|Any CPU
		{5C7992F5-A3CB-485D-A514-12AB9C5C7E2C}.Release|Any CPU.Build.0 = Release|Any CPU
		{F1172C6D-B9EE-4583-9F09-AF6AF7D76DFF}.Debug|Any CPU.ActiveCfg = Debug|Any CPU
		{F1172C6D-B9EE-4583-9F09-AF6AF7D76DFF}.Debug|Any CPU.Build.0 = Debug|Any CPU
		{F1172C6D-B9EE-4583-9F09-AF6AF7D76DFF}.Release|Any CPU.ActiveCfg = Release|Any CPU
		{F1172C6D-B9EE-4583-9F09-AF6AF7D76DFF}.Release|Any CPU.Build.0 = Release|Any CPU
		{FEDAFF43-0AFF-41F5-94A9-446E3797D933}.Debug|Any CPU.ActiveCfg = Debug|Any CPU
		{FEDAFF43-0AFF-41F5-94A9-446E3797D933}.Debug|Any CPU.Build.0 = Debug|Any CPU
		{FEDAFF43-0AFF-41F5-94A9-446E3797D933}.Release|Any CPU.ActiveCfg = Release|Any CPU
		{FEDAFF43-0AFF-41F5-94A9-446E3797D933}.Release|Any CPU.Build.0 = Release|Any CPU
		{61E024FA-5CAD-4704-A22B-96FBB68D09D5}.Debug|Any CPU.ActiveCfg = Debug|Any CPU
		{61E024FA-5CAD-4704-A22B-96FBB68D09D5}.Debug|Any CPU.Build.0 = Debug|Any CPU
		{61E024FA-5CAD-4704-A22B-96FBB68D09D5}.Release|Any CPU.ActiveCfg = Release|Any CPU
		{61E024FA-5CAD-4704-A22B-96FBB68D09D5}.Release|Any CPU.Build.0 = Release|Any CPU
		{A2B00B82-C70D-4B4C-86CA-7D1D51D05AFD}.Debug|Any CPU.ActiveCfg = Debug|Any CPU
		{A2B00B82-C70D-4B4C-86CA-7D1D51D05AFD}.Debug|Any CPU.Build.0 = Debug|Any CPU
		{A2B00B82-C70D-4B4C-86CA-7D1D51D05AFD}.Release|Any CPU.ActiveCfg = Release|Any CPU
		{A2B00B82-C70D-4B4C-86CA-7D1D51D05AFD}.Release|Any CPU.Build.0 = Release|Any CPU
		{10E0DD32-B3CF-4326-9AD5-44A84CEACBB9}.Debug|Any CPU.ActiveCfg = Debug|Any CPU
		{10E0DD32-B3CF-4326-9AD5-44A84CEACBB9}.Debug|Any CPU.Build.0 = Debug|Any CPU
		{10E0DD32-B3CF-4326-9AD5-44A84CEACBB9}.Release|Any CPU.ActiveCfg = Release|Any CPU
		{10E0DD32-B3CF-4326-9AD5-44A84CEACBB9}.Release|Any CPU.Build.0 = Release|Any CPU
	EndGlobalSection
	GlobalSection(SolutionProperties) = preSolution
		HideSolutionNode = FALSE
	EndGlobalSection
	GlobalSection(NestedProjects) = preSolution
		{BCC64DDB-DED6-44FC-A46B-4CF654F8FC96} = {E1BCE779-12AC-45E8-AB34-902F82A95354}
		{B60C8CDD-61C2-4773-B85D-D61498A62907} = {E1BCE779-12AC-45E8-AB34-902F82A95354}
		{0ECBD24F-18CC-4878-B23C-452CBF607C6E} = {E1BCE779-12AC-45E8-AB34-902F82A95354}
		{0B4CE3D7-EC93-492E-8644-16EB2C920DF4} = {E1BCE779-12AC-45E8-AB34-902F82A95354}
		{1900E5C3-A34A-4D2B-92F9-9C3EB0C0B3B0} = {E1BCE779-12AC-45E8-AB34-902F82A95354}
		{A2017FBD-2594-4620-A7BE-89F12472EE26} = {E1BCE779-12AC-45E8-AB34-902F82A95354}
		{15839AC6-412E-4158-B227-14A429103FB2} = {E1BCE779-12AC-45E8-AB34-902F82A95354}
		{FA823EE3-6537-4B20-A315-1B490640EB2E} = {DDCE799D-2261-4FC7-A96F-507BCC03DCFC}
		{AB539C39-3DC2-419F-8254-DD4D238EDC53} = {60477294-5566-479B-A574-7468A815161A}
		{BC4BC5E9-11B0-4E99-B15B-2B8406C5B32A} = {60477294-5566-479B-A574-7468A815161A}
		{7FBA72AE-43D2-497D-8735-5F51997FB9C4} = {60477294-5566-479B-A574-7468A815161A}
		{ABDE3D3A-FB54-4162-92CD-E8BD64652D7E} = {60477294-5566-479B-A574-7468A815161A}
		{0099484A-D58D-4E7C-B193-6B859FEAC29B} = {60477294-5566-479B-A574-7468A815161A}
		{CC45D95B-55FD-4581-A8BA-778E82E8A2E4} = {60477294-5566-479B-A574-7468A815161A}
		{E2866D95-22D9-42E5-B99A-0ED60A6324B0} = {60477294-5566-479B-A574-7468A815161A}
		{E1C3E139-4530-4A83-B0F1-5E5807EC282D} = {E1BCE779-12AC-45E8-AB34-902F82A95354}
		{5E5054C0-2E21-41BE-B778-59EF89C16C0D} = {E1BCE779-12AC-45E8-AB34-902F82A95354}
		{D17E24FE-BBB9-4963-A934-7DC66754206C} = {60477294-5566-479B-A574-7468A815161A}
		{4B7FCCEB-5FAD-44E6-BA3F-7C5C9C194ED4} = {60477294-5566-479B-A574-7468A815161A}
		{EEA89F9E-7CA3-4B0C-ACBF-CDA40D4D2656} = {60477294-5566-479B-A574-7468A815161A}
		{375F59F7-D4C6-46DC-936D-CB3AE388F8F1} = {DDCE799D-2261-4FC7-A96F-507BCC03DCFC}
		{3FE6E6AB-2626-4A94-9972-D7B2D575ABB3} = {DDCE799D-2261-4FC7-A96F-507BCC03DCFC}
		{308766DF-B018-4F13-8551-A1C06FD7A8B4} = {DDCE799D-2261-4FC7-A96F-507BCC03DCFC}
		{1EEEE7AA-9867-481B-9E30-96F826B14F87} = {DDCE799D-2261-4FC7-A96F-507BCC03DCFC}
		{2A710D2E-17B1-40E5-A265-899C638FDB82} = {DDCE799D-2261-4FC7-A96F-507BCC03DCFC}
		{0ECDD797-3629-4B3C-BDC9-405DB8C32087} = {DDCE799D-2261-4FC7-A96F-507BCC03DCFC}
		{B9551F8B-80B3-4FF4-897D-EAD3974F3EF9} = {DDCE799D-2261-4FC7-A96F-507BCC03DCFC}
		{9E1719A3-2B1F-4C37-8D57-830AC50BF7E9} = {DDCE799D-2261-4FC7-A96F-507BCC03DCFC}
		{B3ED953A-D27B-4F0F-AC5B-F8D19176A063} = {DDCE799D-2261-4FC7-A96F-507BCC03DCFC}
		{ABCD02F3-7233-40AE-93E2-299928E9E0F1} = {DDCE799D-2261-4FC7-A96F-507BCC03DCFC}
		{E10235BD-CFC3-4940-8F6B-1821D4481FF3} = {ADEE0918-66DE-4559-90C2-A7008FFCDE93}
		{035E7A06-CD74-4FA7-8E6F-8913B9E5FA61} = {ADEE0918-66DE-4559-90C2-A7008FFCDE93}
		{ECFDDBDF-C1AA-4F75-B179-41FDD823818C} = {C0E9B3F6-A439-4A8C-BA70-70BE9237062F}
		{1E7128D5-1AD5-4D94-954A-A7ADADC4429B} = {C0E9B3F6-A439-4A8C-BA70-70BE9237062F}
		{F2F19DE6-A8F7-489A-AF19-52930FBA5369} = {C0E9B3F6-A439-4A8C-BA70-70BE9237062F}
		{7BDEAE16-C8FF-497B-BD1C-4D466274BF3B} = {C0E9B3F6-A439-4A8C-BA70-70BE9237062F}
		{ECE2B864-F35C-4041-9F7F-31070D45EA6E} = {C0E9B3F6-A439-4A8C-BA70-70BE9237062F}
		{779F3092-35B9-4DCC-9806-07E1EE6525B4} = {C0E9B3F6-A439-4A8C-BA70-70BE9237062F}
		{1A2644B2-0D6D-4A83-AB69-A94E40546237} = {C0E9B3F6-A439-4A8C-BA70-70BE9237062F}
		{8CFCA169-866A-4579-9B9B-287D81A52AED} = {C0E9B3F6-A439-4A8C-BA70-70BE9237062F}
		{D57371ED-419C-40CB-A01E-BE1A86974010} = {C0E9B3F6-A439-4A8C-BA70-70BE9237062F}
		{E32FEA9B-E1A3-4E41-8EBB-D51660478BC7} = {9F21B212-2587-47EC-A5D5-66B2C4886BAC}
		{FC71D520-236F-4674-A099-B639077FC945} = {9F21B212-2587-47EC-A5D5-66B2C4886BAC}
		{AEFDACDE-2768-4145-B934-E26C175CD592} = {9F21B212-2587-47EC-A5D5-66B2C4886BAC}
		{4B4BCF30-0F93-4273-A1EB-1F1B6190F30B} = {9F21B212-2587-47EC-A5D5-66B2C4886BAC}
		{DFF45DB3-0893-438E-8EF1-B7B237C225BB} = {9F21B212-2587-47EC-A5D5-66B2C4886BAC}
		{FF76EBC2-CAFB-4829-AD4C-838A09ABB92E} = {9F21B212-2587-47EC-A5D5-66B2C4886BAC}
		{9495DE60-7F2A-430E-AA4F-A3A81DCD7ABC} = {9F21B212-2587-47EC-A5D5-66B2C4886BAC}
		{637906A8-8140-4AF1-97B5-3F07A7AF19E1} = {9F21B212-2587-47EC-A5D5-66B2C4886BAC}
		{2598E399-484B-40B3-922E-5FBD4E2412D9} = {9F21B212-2587-47EC-A5D5-66B2C4886BAC}
		{5C7992F5-A3CB-485D-A514-12AB9C5C7E2C} = {9F21B212-2587-47EC-A5D5-66B2C4886BAC}
		{F1172C6D-B9EE-4583-9F09-AF6AF7D76DFF} = {C0E9B3F6-A439-4A8C-BA70-70BE9237062F}
		{FEDAFF43-0AFF-41F5-94A9-446E3797D933} = {C0E9B3F6-A439-4A8C-BA70-70BE9237062F}
		{61E024FA-5CAD-4704-A22B-96FBB68D09D5} = {B3EDDBA7-929D-488B-AD6A-F7884DE32BA0}
		{A2B00B82-C70D-4B4C-86CA-7D1D51D05AFD} = {B3EDDBA7-929D-488B-AD6A-F7884DE32BA0}
		{10E0DD32-B3CF-4326-9AD5-44A84CEACBB9} = {B3EDDBA7-929D-488B-AD6A-F7884DE32BA0}
	EndGlobalSection
	GlobalSection(ExtensibilityGlobals) = postSolution
		SolutionGuid = {62551D35-A2AF-40A3-9F4B-1F5588F412F4}
	EndGlobalSection
EndGlobal
